// !$*UTF8*$!
{
	archiveVersion = 1;
	classes = {
	};
	objectVersion = 46;
	objects = {

/* Begin PBXAggregateTarget section */
		E418075A24026CE200338C5A /* MGMerge */ = {
			isa = PBXAggregateTarget;
			buildConfigurationList = E418075B24026CE200338C5A /* Build configuration list for PBXAggregateTarget "MGMerge" */;
			buildPhases = (
				E418075E24026D1D00338C5A /* ShellScript */,
			);
			dependencies = (
				E418076024026D2300338C5A /* PBXTargetDependency */,
			);
			name = MGMerge;
			productName = MGMerge;
		};
/* End PBXAggregateTarget section */

/* Begin PBXBuildFile section */
		3708FDAF627C08BCF26D8D86 /* Pods_MGADENSDK_Tests.framework in Frameworks */ = {isa = PBXBuildFile; fileRef = CD73A4C74F2423316FE00E3D /* Pods_MGADENSDK_Tests.framework */; };
		6003F58E195388D20070C39A /* Foundation.framework in Frameworks */ = {isa = PBXBuildFile; fileRef = 6003F58D195388D20070C39A /* Foundation.framework */; };
		6003F590195388D20070C39A /* CoreGraphics.framework in Frameworks */ = {isa = PBXBuildFile; fileRef = 6003F58F195388D20070C39A /* CoreGraphics.framework */; };
		6003F592195388D20070C39A /* UIKit.framework in Frameworks */ = {isa = PBXBuildFile; fileRef = 6003F591195388D20070C39A /* UIKit.framework */; };
		6003F598195388D20070C39A /* InfoPlist.strings in Resources */ = {isa = PBXBuildFile; fileRef = 6003F596195388D20070C39A /* InfoPlist.strings */; };
		6003F59A195388D20070C39A /* main.m in Sources */ = {isa = PBXBuildFile; fileRef = 6003F599195388D20070C39A /* main.m */; };
		6003F5A9195388D20070C39A /* Images.xcassets in Resources */ = {isa = PBXBuildFile; fileRef = 6003F5A8195388D20070C39A /* Images.xcassets */; };
		6003F5B0195388D20070C39A /* XCTest.framework in Frameworks */ = {isa = PBXBuildFile; fileRef = 6003F5AF195388D20070C39A /* XCTest.framework */; };
		6003F5B1195388D20070C39A /* Foundation.framework in Frameworks */ = {isa = PBXBuildFile; fileRef = 6003F58D195388D20070C39A /* Foundation.framework */; };
		6003F5B2195388D20070C39A /* UIKit.framework in Frameworks */ = {isa = PBXBuildFile; fileRef = 6003F591195388D20070C39A /* UIKit.framework */; };
		6003F5BA195388D20070C39A /* InfoPlist.strings in Resources */ = {isa = PBXBuildFile; fileRef = 6003F5B8195388D20070C39A /* InfoPlist.strings */; };
		6003F5BC195388D20070C39A /* Tests.m in Sources */ = {isa = PBXBuildFile; fileRef = 6003F5BB195388D20070C39A /* Tests.m */; };
		71719F9F1E33DC2100824A3D /* LaunchScreen.storyboard in Resources */ = {isa = PBXBuildFile; fileRef = 71719F9D1E33DC2100824A3D /* LaunchScreen.storyboard */; };
		873B8AEB1B1F5CCA007FD442 /* Main.storyboard in Resources */ = {isa = PBXBuildFile; fileRef = 873B8AEA1B1F5CCA007FD442 /* Main.storyboard */; };
		CF24A236FA9B510EE8381FBC /* Pods_MGADENSDK_Example.framework in Frameworks */ = {isa = PBXBuildFile; fileRef = D3D9857082163E2BF49AB5D4 /* Pods_MGADENSDK_Example.framework */; };
		E362CF517C3772A7A0D7AD5C /* Pods_MGADENSDK.framework in Frameworks */ = {isa = PBXBuildFile; fileRef = 56D9D91716A4F0FBF88F008E /* Pods_MGADENSDK.framework */; };
		E41806CC2402478600338C5A /* ViewController.m in Sources */ = {isa = PBXBuildFile; fileRef = E41806C22402478500338C5A /* ViewController.m */; };
		E41806CD2402478600338C5A /* CustomViewController.m in Sources */ = {isa = PBXBuildFile; fileRef = E41806C32402478500338C5A /* CustomViewController.m */; };
		E41806CE2402478600338C5A /* AppDelegate.m in Sources */ = {isa = PBXBuildFile; fileRef = E41806C82402478500338C5A /* AppDelegate.m */; };
		E41806CF2402478600338C5A /* BannerViewController.m in Sources */ = {isa = PBXBuildFile; fileRef = E41806C92402478500338C5A /* BannerViewController.m */; };
		E41806D02402478600338C5A /* InsertViewController.m in Sources */ = {isa = PBXBuildFile; fileRef = E41806CA2402478600338C5A /* InsertViewController.m */; };
		E41806D12402478600338C5A /* RewardViewController.m in Sources */ = {isa = PBXBuildFile; fileRef = E41806CB2402478600338C5A /* RewardViewController.m */; };
		E41806EB2402672900338C5A /* HUD_success@2x.png in Resources */ = {isa = PBXBuildFile; fileRef = E41806D42402672900338C5A /* HUD_success@2x.png */; };
		E41806EC2402672900338C5A /* HUD_success@3x.png in Resources */ = {isa = PBXBuildFile; fileRef = E41806D52402672900338C5A /* HUD_success@3x.png */; };
		E41806ED2402672900338C5A /* HUD_error@3x.png in Resources */ = {isa = PBXBuildFile; fileRef = E41806D62402672900338C5A /* HUD_error@3x.png */; };
		E41806EE2402672900338C5A /* HUD_info@3x.png in Resources */ = {isa = PBXBuildFile; fileRef = E41806D72402672900338C5A /* HUD_info@3x.png */; };
		E41806EF2402672900338C5A /* HUD_info@2x.png in Resources */ = {isa = PBXBuildFile; fileRef = E41806D82402672900338C5A /* HUD_info@2x.png */; };
		E41806F02402672900338C5A /* HUD_error@2x.png in Resources */ = {isa = PBXBuildFile; fileRef = E41806D92402672900338C5A /* HUD_error@2x.png */; };
		E41806F12402672900338C5A /* SVRadialGradientLayer.m in Sources */ = {isa = PBXBuildFile; fileRef = E41806DC2402672900338C5A /* SVRadialGradientLayer.m */; };
		E41806F22402672900338C5A /* SVProgressAnimatedView.m in Sources */ = {isa = PBXBuildFile; fileRef = E41806DF2402672900338C5A /* SVProgressAnimatedView.m */; };
		E41806F32402672900338C5A /* SVProgressHUD.m in Sources */ = {isa = PBXBuildFile; fileRef = E41806E22402672900338C5A /* SVProgressHUD.m */; };
		E41806F42402672900338C5A /* SVIndefiniteAnimatedView.m in Sources */ = {isa = PBXBuildFile; fileRef = E41806E32402672900338C5A /* SVIndefiniteAnimatedView.m */; };
		E41806F52402672900338C5A /* SVProgressHUD.bundle in Resources */ = {isa = PBXBuildFile; fileRef = E41806E42402672900338C5A /* SVProgressHUD.bundle */; };
		E41806F62402672900338C5A /* NSObject+ALiHUD.m in Sources */ = {isa = PBXBuildFile; fileRef = E41806E62402672900338C5A /* NSObject+ALiHUD.m */; };
		E41806F72402672900338C5A /* WGKeyChain.m in Sources */ = {isa = PBXBuildFile; fileRef = E41806E72402672900338C5A /* WGKeyChain.m */; };
		E41806F82402672900338C5A /* ALiProgressHUD.m in Sources */ = {isa = PBXBuildFile; fileRef = E41806E82402672900338C5A /* ALiProgressHUD.m */; };
		E418076624026FCA00338C5A /* MGADENSDK.framework in Frameworks */ = {isa = PBXBuildFile; fileRef = E41806FE2402697200338C5A /* MGADENSDK.framework */; };
		E418076724026FCA00338C5A /* MGADENSDK.framework in Embed Frameworks */ = {isa = PBXBuildFile; fileRef = E41806FE2402697200338C5A /* MGADENSDK.framework */; settings = {ATTRIBUTES = (CodeSignOnCopy, RemoveHeadersOnCopy, ); }; };
		E41807DA2402712400338C5A /* MGADDefines.h in Headers */ = {isa = PBXBuildFile; fileRef = E41807B62402712400338C5A /* MGADDefines.h */; };
		E41807DB2402712400338C5A /* MGADHelper.m in Sources */ = {isa = PBXBuildFile; fileRef = E41807B72402712400338C5A /* MGADHelper.m */; };
		E41807DC2402712400338C5A /* MGAdController.m in Sources */ = {isa = PBXBuildFile; fileRef = E41807B82402712400338C5A /* MGAdController.m */; };
		E41807DD2402712400338C5A /* MGInterstitialAd.h in Headers */ = {isa = PBXBuildFile; fileRef = E41807B92402712400338C5A /* MGInterstitialAd.h */; };
		E41807DE2402712400338C5A /* MGRewardedAd.m in Sources */ = {isa = PBXBuildFile; fileRef = E41807BA2402712400338C5A /* MGRewardedAd.m */; };
		E41807DF2402712400338C5A /* MGAdReward.h in Headers */ = {isa = PBXBuildFile; fileRef = E41807BB2402712400338C5A /* MGAdReward.h */; };
		E41807E02402712400338C5A /* MGNetManager.h in Headers */ = {isa = PBXBuildFile; fileRef = E41807BC2402712400338C5A /* MGNetManager.h */; };
		E41807E12402712400338C5A /* MGNetAPI.h in Headers */ = {isa = PBXBuildFile; fileRef = E41807BD2402712400338C5A /* MGNetAPI.h */; };
		E41807E22402712400338C5A /* MGADENSDK.m in Sources */ = {isa = PBXBuildFile; fileRef = E41807BE2402712400338C5A /* MGADENSDK.m */; };
		E41807E32402712400338C5A /* MGAdSize.m in Sources */ = {isa = PBXBuildFile; fileRef = E41807BF2402712400338C5A /* MGAdSize.m */; };
		E41807E42402712500338C5A /* MGGInsertAdController.m in Sources */ = {isa = PBXBuildFile; fileRef = E41807C02402712400338C5A /* MGGInsertAdController.m */; };
		E41807E52402712500338C5A /* MGADManager.h in Headers */ = {isa = PBXBuildFile; fileRef = E41807C12402712400338C5A /* MGADManager.h */; };
		E41807E62402712500338C5A /* MGGRewardAdController.m in Sources */ = {isa = PBXBuildFile; fileRef = E41807C22402712400338C5A /* MGGRewardAdController.m */; };
		E41807E72402712500338C5A /* MGBannerAdView.m in Sources */ = {isa = PBXBuildFile; fileRef = E41807C32402712400338C5A /* MGBannerAdView.m */; };
		E41807E82402712500338C5A /* MGADStrategy.m in Sources */ = {isa = PBXBuildFile; fileRef = E41807C42402712400338C5A /* MGADStrategy.m */; };
		E41807E92402712500338C5A /* MGFBRewardAdController.h in Headers */ = {isa = PBXBuildFile; fileRef = E41807C52402712400338C5A /* MGFBRewardAdController.h */; };
		E41807EA2402712500338C5A /* MGFBInsertAdController.h in Headers */ = {isa = PBXBuildFile; fileRef = E41807C62402712400338C5A /* MGFBInsertAdController.h */; };
		E41807EB2402712500338C5A /* MGRewardedAd.h in Headers */ = {isa = PBXBuildFile; fileRef = E41807C72402712400338C5A /* MGRewardedAd.h */; };
		E41807EC2402712500338C5A /* MGAdReward.m in Sources */ = {isa = PBXBuildFile; fileRef = E41807C82402712400338C5A /* MGAdReward.m */; };
		E41807ED2402712500338C5A /* MGInterstitialAd.m in Sources */ = {isa = PBXBuildFile; fileRef = E41807C92402712400338C5A /* MGInterstitialAd.m */; };
		E41807EE2402712500338C5A /* MGADHelper.h in Headers */ = {isa = PBXBuildFile; fileRef = E41807CA2402712400338C5A /* MGADHelper.h */; };
		E41807EF2402712500338C5A /* MGAdController.h in Headers */ = {isa = PBXBuildFile; fileRef = E41807CB2402712400338C5A /* MGAdController.h */; };
		E41807F02402712500338C5A /* MGGRewardAdController.h in Headers */ = {isa = PBXBuildFile; fileRef = E41807CC2402712400338C5A /* MGGRewardAdController.h */; };
		E41807F12402712500338C5A /* MGADManager.m in Sources */ = {isa = PBXBuildFile; fileRef = E41807CD2402712400338C5A /* MGADManager.m */; };
		E41807F22402712500338C5A /* MGGInsertAdController.h in Headers */ = {isa = PBXBuildFile; fileRef = E41807CE2402712400338C5A /* MGGInsertAdController.h */; };
		E41807F32402712500338C5A /* MGAdSize.h in Headers */ = {isa = PBXBuildFile; fileRef = E41807CF2402712400338C5A /* MGAdSize.h */; };
		E41807F42402712500338C5A /* MGADENSDK.h in Headers */ = {isa = PBXBuildFile; fileRef = E41807D02402712400338C5A /* MGADENSDK.h */; };
		E41807F52402712500338C5A /* MGNetManager.m in Sources */ = {isa = PBXBuildFile; fileRef = E41807D12402712400338C5A /* MGNetManager.m */; };
		E41807F62402712500338C5A /* MGADStrategy.h in Headers */ = {isa = PBXBuildFile; fileRef = E41807D22402712400338C5A /* MGADStrategy.h */; };
		E41807F72402712500338C5A /* MGADProtocol.h in Headers */ = {isa = PBXBuildFile; fileRef = E41807D32402712400338C5A /* MGADProtocol.h */; };
		E41807F82402712500338C5A /* NSObject+WHC_Model.h in Headers */ = {isa = PBXBuildFile; fileRef = E41807D52402712400338C5A /* NSObject+WHC_Model.h */; };
		E41807F92402712500338C5A /* NSObject+WHC_Model.m in Sources */ = {isa = PBXBuildFile; fileRef = E41807D62402712400338C5A /* NSObject+WHC_Model.m */; };
		E41807FA2402712500338C5A /* MGBannerAdView.h in Headers */ = {isa = PBXBuildFile; fileRef = E41807D72402712400338C5A /* MGBannerAdView.h */; };
		E41807FB2402712500338C5A /* MGFBInsertAdController.m in Sources */ = {isa = PBXBuildFile; fileRef = E41807D82402712400338C5A /* MGFBInsertAdController.m */; };
		E41807FC2402712500338C5A /* MGFBRewardAdController.m in Sources */ = {isa = PBXBuildFile; fileRef = E41807D92402712400338C5A /* MGFBRewardAdController.m */; };
		E41808002402739500338C5A /* MGADENSDK.framework in Frameworks */ = {isa = PBXBuildFile; fileRef = E41807FF2402739500338C5A /* MGADENSDK.framework */; };
/* End PBXBuildFile section */

/* Begin PBXContainerItemProxy section */
		6003F5B3195388D20070C39A /* PBXContainerItemProxy */ = {
			isa = PBXContainerItemProxy;
			containerPortal = 6003F582195388D10070C39A /* Project object */;
			proxyType = 1;
			remoteGlobalIDString = 6003F589195388D20070C39A;
			remoteInfo = MGADENSDK;
		};
		E418075F24026D2300338C5A /* PBXContainerItemProxy */ = {
			isa = PBXContainerItemProxy;
			containerPortal = 6003F582195388D10070C39A /* Project object */;
			proxyType = 1;
			remoteGlobalIDString = E41806FD2402697200338C5A;
			remoteInfo = MGADENSDK;
		};
		E418076824026FCB00338C5A /* PBXContainerItemProxy */ = {
			isa = PBXContainerItemProxy;
			containerPortal = 6003F582195388D10070C39A /* Project object */;
			proxyType = 1;
			remoteGlobalIDString = E41806FD2402697200338C5A;
			remoteInfo = MGADENSDK;
		};
/* End PBXContainerItemProxy section */

/* Begin PBXCopyFilesBuildPhase section */
		E418076524026FB100338C5A /* Embed Frameworks */ = {
			isa = PBXCopyFilesBuildPhase;
			buildActionMask = 2147483647;
			dstPath = "";
			dstSubfolderSpec = 10;
			files = (
				E418076724026FCA00338C5A /* MGADENSDK.framework in Embed Frameworks */,
			);
			name = "Embed Frameworks";
			runOnlyForDeploymentPostprocessing = 0;
		};
/* End PBXCopyFilesBuildPhase section */

/* Begin PBXFileReference section */
		14ABD1791AF9A29E12EC977B /* Pods-MGADENSDK_Example.release.xcconfig */ = {isa = PBXFileReference; includeInIndex = 1; lastKnownFileType = text.xcconfig; name = "Pods-MGADENSDK_Example.release.xcconfig"; path = "Pods/Target Support Files/Pods-MGADENSDK_Example/Pods-MGADENSDK_Example.release.xcconfig"; sourceTree = "<group>"; };
		550FA39C2ED2CF76F7E0484D /* LICENSE */ = {isa = PBXFileReference; includeInIndex = 1; lastKnownFileType = text; name = LICENSE; path = ../LICENSE; sourceTree = "<group>"; };
		56D9D91716A4F0FBF88F008E /* Pods_MGADENSDK.framework */ = {isa = PBXFileReference; explicitFileType = wrapper.framework; includeInIndex = 0; path = Pods_MGADENSDK.framework; sourceTree = BUILT_PRODUCTS_DIR; };
		6003F58A195388D20070C39A /* MGADENSDK_Example.app */ = {isa = PBXFileReference; explicitFileType = wrapper.application; includeInIndex = 0; path = MGADENSDK_Example.app; sourceTree = BUILT_PRODUCTS_DIR; };
		6003F58D195388D20070C39A /* Foundation.framework */ = {isa = PBXFileReference; lastKnownFileType = wrapper.framework; name = Foundation.framework; path = System/Library/Frameworks/Foundation.framework; sourceTree = SDKROOT; };
		6003F58F195388D20070C39A /* CoreGraphics.framework */ = {isa = PBXFileReference; lastKnownFileType = wrapper.framework; name = CoreGraphics.framework; path = System/Library/Frameworks/CoreGraphics.framework; sourceTree = SDKROOT; };
		6003F591195388D20070C39A /* UIKit.framework */ = {isa = PBXFileReference; lastKnownFileType = wrapper.framework; name = UIKit.framework; path = System/Library/Frameworks/UIKit.framework; sourceTree = SDKROOT; };
		6003F595195388D20070C39A /* MGADENSDK-Info.plist */ = {isa = PBXFileReference; lastKnownFileType = text.plist.xml; path = "MGADENSDK-Info.plist"; sourceTree = "<group>"; };
		6003F597195388D20070C39A /* en */ = {isa = PBXFileReference; lastKnownFileType = text.plist.strings; name = en; path = en.lproj/InfoPlist.strings; sourceTree = "<group>"; };
		6003F599195388D20070C39A /* main.m */ = {isa = PBXFileReference; lastKnownFileType = sourcecode.c.objc; path = main.m; sourceTree = "<group>"; };
		6003F59B195388D20070C39A /* MGADENSDK-Prefix.pch */ = {isa = PBXFileReference; lastKnownFileType = sourcecode.c.h; path = "MGADENSDK-Prefix.pch"; sourceTree = "<group>"; };
		6003F5A8195388D20070C39A /* Images.xcassets */ = {isa = PBXFileReference; lastKnownFileType = folder.assetcatalog; path = Images.xcassets; sourceTree = "<group>"; };
		6003F5AE195388D20070C39A /* MGADENSDK_Tests.xctest */ = {isa = PBXFileReference; explicitFileType = wrapper.cfbundle; includeInIndex = 0; path = MGADENSDK_Tests.xctest; sourceTree = BUILT_PRODUCTS_DIR; };
		6003F5AF195388D20070C39A /* XCTest.framework */ = {isa = PBXFileReference; lastKnownFileType = wrapper.framework; name = XCTest.framework; path = Library/Frameworks/XCTest.framework; sourceTree = DEVELOPER_DIR; };
		6003F5B7195388D20070C39A /* Tests-Info.plist */ = {isa = PBXFileReference; lastKnownFileType = text.plist.xml; path = "Tests-Info.plist"; sourceTree = "<group>"; };
		6003F5B9195388D20070C39A /* en */ = {isa = PBXFileReference; lastKnownFileType = text.plist.strings; name = en; path = en.lproj/InfoPlist.strings; sourceTree = "<group>"; };
		6003F5BB195388D20070C39A /* Tests.m */ = {isa = PBXFileReference; lastKnownFileType = sourcecode.c.objc; path = Tests.m; sourceTree = "<group>"; };
		606FC2411953D9B200FFA9A0 /* Tests-Prefix.pch */ = {isa = PBXFileReference; lastKnownFileType = sourcecode.c.h; path = "Tests-Prefix.pch"; sourceTree = "<group>"; };
		6F15A05EB3CAF3A5BB5368F6 /* Pods-MGADENSDK_Tests.release.xcconfig */ = {isa = PBXFileReference; includeInIndex = 1; lastKnownFileType = text.xcconfig; name = "Pods-MGADENSDK_Tests.release.xcconfig"; path = "Pods/Target Support Files/Pods-MGADENSDK_Tests/Pods-MGADENSDK_Tests.release.xcconfig"; sourceTree = "<group>"; };
		71719F9E1E33DC2100824A3D /* Base */ = {isa = PBXFileReference; lastKnownFileType = file.storyboard; name = Base; path = Base.lproj/LaunchScreen.storyboard; sourceTree = "<group>"; };
		873B8AEA1B1F5CCA007FD442 /* Main.storyboard */ = {isa = PBXFileReference; fileEncoding = 4; lastKnownFileType = file.storyboard; name = Main.storyboard; path = Base.lproj/Main.storyboard; sourceTree = "<group>"; };
		87D31522247896BDF2FE63A2 /* Pods-MGADENSDK_Tests.debug.xcconfig */ = {isa = PBXFileReference; includeInIndex = 1; lastKnownFileType = text.xcconfig; name = "Pods-MGADENSDK_Tests.debug.xcconfig"; path = "Pods/Target Support Files/Pods-MGADENSDK_Tests/Pods-MGADENSDK_Tests.debug.xcconfig"; sourceTree = "<group>"; };
		8FC91863841682AC63A1F335 /* Pods-MGADENSDK_Example.debug.xcconfig */ = {isa = PBXFileReference; includeInIndex = 1; lastKnownFileType = text.xcconfig; name = "Pods-MGADENSDK_Example.debug.xcconfig"; path = "Pods/Target Support Files/Pods-MGADENSDK_Example/Pods-MGADENSDK_Example.debug.xcconfig"; sourceTree = "<group>"; };
		CD73A4C74F2423316FE00E3D /* Pods_MGADENSDK_Tests.framework */ = {isa = PBXFileReference; explicitFileType = wrapper.framework; includeInIndex = 0; path = Pods_MGADENSDK_Tests.framework; sourceTree = BUILT_PRODUCTS_DIR; };
		D3D9857082163E2BF49AB5D4 /* Pods_MGADENSDK_Example.framework */ = {isa = PBXFileReference; explicitFileType = wrapper.framework; includeInIndex = 0; path = Pods_MGADENSDK_Example.framework; sourceTree = BUILT_PRODUCTS_DIR; };
		E41806C02402478500338C5A /* BannerViewController.h */ = {isa = PBXFileReference; fileEncoding = 4; lastKnownFileType = sourcecode.c.h; path = BannerViewController.h; sourceTree = "<group>"; };
		E41806C12402478500338C5A /* ViewController.h */ = {isa = PBXFileReference; fileEncoding = 4; lastKnownFileType = sourcecode.c.h; path = ViewController.h; sourceTree = "<group>"; };
		E41806C22402478500338C5A /* ViewController.m */ = {isa = PBXFileReference; fileEncoding = 4; lastKnownFileType = sourcecode.c.objc; path = ViewController.m; sourceTree = "<group>"; };
		E41806C32402478500338C5A /* CustomViewController.m */ = {isa = PBXFileReference; fileEncoding = 4; lastKnownFileType = sourcecode.c.objc; path = CustomViewController.m; sourceTree = "<group>"; };
		E41806C42402478500338C5A /* RewardViewController.h */ = {isa = PBXFileReference; fileEncoding = 4; lastKnownFileType = sourcecode.c.h; path = RewardViewController.h; sourceTree = "<group>"; };
		E41806C52402478500338C5A /* AppDelegate.h */ = {isa = PBXFileReference; fileEncoding = 4; lastKnownFileType = sourcecode.c.h; path = AppDelegate.h; sourceTree = "<group>"; };
		E41806C62402478500338C5A /* CustomViewController.h */ = {isa = PBXFileReference; fileEncoding = 4; lastKnownFileType = sourcecode.c.h; path = CustomViewController.h; sourceTree = "<group>"; };
		E41806C72402478500338C5A /* InsertViewController.h */ = {isa = PBXFileReference; fileEncoding = 4; lastKnownFileType = sourcecode.c.h; path = InsertViewController.h; sourceTree = "<group>"; };
		E41806C82402478500338C5A /* AppDelegate.m */ = {isa = PBXFileReference; fileEncoding = 4; lastKnownFileType = sourcecode.c.objc; path = AppDelegate.m; sourceTree = "<group>"; };
		E41806C92402478500338C5A /* BannerViewController.m */ = {isa = PBXFileReference; fileEncoding = 4; lastKnownFileType = sourcecode.c.objc; path = BannerViewController.m; sourceTree = "<group>"; };
		E41806CA2402478600338C5A /* InsertViewController.m */ = {isa = PBXFileReference; fileEncoding = 4; lastKnownFileType = sourcecode.c.objc; path = InsertViewController.m; sourceTree = "<group>"; };
		E41806CB2402478600338C5A /* RewardViewController.m */ = {isa = PBXFileReference; fileEncoding = 4; lastKnownFileType = sourcecode.c.objc; path = RewardViewController.m; sourceTree = "<group>"; };
		E41806D42402672900338C5A /* HUD_success@2x.png */ = {isa = PBXFileReference; lastKnownFileType = image.png; path = "HUD_success@2x.png"; sourceTree = "<group>"; };
		E41806D52402672900338C5A /* HUD_success@3x.png */ = {isa = PBXFileReference; lastKnownFileType = image.png; path = "HUD_success@3x.png"; sourceTree = "<group>"; };
		E41806D62402672900338C5A /* HUD_error@3x.png */ = {isa = PBXFileReference; lastKnownFileType = image.png; path = "HUD_error@3x.png"; sourceTree = "<group>"; };
		E41806D72402672900338C5A /* HUD_info@3x.png */ = {isa = PBXFileReference; lastKnownFileType = image.png; path = "HUD_info@3x.png"; sourceTree = "<group>"; };
		E41806D82402672900338C5A /* HUD_info@2x.png */ = {isa = PBXFileReference; lastKnownFileType = image.png; path = "HUD_info@2x.png"; sourceTree = "<group>"; };
		E41806D92402672900338C5A /* HUD_error@2x.png */ = {isa = PBXFileReference; lastKnownFileType = image.png; path = "HUD_error@2x.png"; sourceTree = "<group>"; };
		E41806DA2402672900338C5A /* ALiProgressHUD.h */ = {isa = PBXFileReference; fileEncoding = 4; lastKnownFileType = sourcecode.c.h; path = ALiProgressHUD.h; sourceTree = "<group>"; };
		E41806DC2402672900338C5A /* SVRadialGradientLayer.m */ = {isa = PBXFileReference; fileEncoding = 4; lastKnownFileType = sourcecode.c.objc; path = SVRadialGradientLayer.m; sourceTree = "<group>"; };
		E41806DD2402672900338C5A /* SVIndefiniteAnimatedView.h */ = {isa = PBXFileReference; fileEncoding = 4; lastKnownFileType = sourcecode.c.h; path = SVIndefiniteAnimatedView.h; sourceTree = "<group>"; };
		E41806DE2402672900338C5A /* SVProgressHUD.h */ = {isa = PBXFileReference; fileEncoding = 4; lastKnownFileType = sourcecode.c.h; path = SVProgressHUD.h; sourceTree = "<group>"; };
		E41806DF2402672900338C5A /* SVProgressAnimatedView.m */ = {isa = PBXFileReference; fileEncoding = 4; lastKnownFileType = sourcecode.c.objc; path = SVProgressAnimatedView.m; sourceTree = "<group>"; };
		E41806E02402672900338C5A /* SVProgressHUD-Prefix.pch */ = {isa = PBXFileReference; fileEncoding = 4; lastKnownFileType = sourcecode.c.h; path = "SVProgressHUD-Prefix.pch"; sourceTree = "<group>"; };
		E41806E12402672900338C5A /* SVRadialGradientLayer.h */ = {isa = PBXFileReference; fileEncoding = 4; lastKnownFileType = sourcecode.c.h; path = SVRadialGradientLayer.h; sourceTree = "<group>"; };
		E41806E22402672900338C5A /* SVProgressHUD.m */ = {isa = PBXFileReference; fileEncoding = 4; lastKnownFileType = sourcecode.c.objc; path = SVProgressHUD.m; sourceTree = "<group>"; };
		E41806E32402672900338C5A /* SVIndefiniteAnimatedView.m */ = {isa = PBXFileReference; fileEncoding = 4; lastKnownFileType = sourcecode.c.objc; path = SVIndefiniteAnimatedView.m; sourceTree = "<group>"; };
		E41806E42402672900338C5A /* SVProgressHUD.bundle */ = {isa = PBXFileReference; lastKnownFileType = "wrapper.plug-in"; path = SVProgressHUD.bundle; sourceTree = "<group>"; };
		E41806E52402672900338C5A /* SVProgressAnimatedView.h */ = {isa = PBXFileReference; fileEncoding = 4; lastKnownFileType = sourcecode.c.h; path = SVProgressAnimatedView.h; sourceTree = "<group>"; };
		E41806E62402672900338C5A /* NSObject+ALiHUD.m */ = {isa = PBXFileReference; fileEncoding = 4; lastKnownFileType = sourcecode.c.objc; path = "NSObject+ALiHUD.m"; sourceTree = "<group>"; };
		E41806E72402672900338C5A /* WGKeyChain.m */ = {isa = PBXFileReference; fileEncoding = 4; lastKnownFileType = sourcecode.c.objc; path = WGKeyChain.m; sourceTree = "<group>"; };
		E41806E82402672900338C5A /* ALiProgressHUD.m */ = {isa = PBXFileReference; fileEncoding = 4; lastKnownFileType = sourcecode.c.objc; path = ALiProgressHUD.m; sourceTree = "<group>"; };
		E41806E92402672900338C5A /* WGKeyChain.h */ = {isa = PBXFileReference; fileEncoding = 4; lastKnownFileType = sourcecode.c.h; path = WGKeyChain.h; sourceTree = "<group>"; };
		E41806EA2402672900338C5A /* NSObject+ALiHUD.h */ = {isa = PBXFileReference; fileEncoding = 4; lastKnownFileType = sourcecode.c.h; path = "NSObject+ALiHUD.h"; sourceTree = "<group>"; };
		E41806FE2402697200338C5A /* MGADENSDK.framework */ = {isa = PBXFileReference; explicitFileType = wrapper.framework; includeInIndex = 0; path = MGADENSDK.framework; sourceTree = BUILT_PRODUCTS_DIR; };
		E41807012402697200338C5A /* Info.plist */ = {isa = PBXFileReference; lastKnownFileType = text.plist.xml; path = Info.plist; sourceTree = "<group>"; };
		E41807B62402712400338C5A /* MGADDefines.h */ = {isa = PBXFileReference; fileEncoding = 4; lastKnownFileType = sourcecode.c.h; path = MGADDefines.h; sourceTree = "<group>"; };
		E41807B72402712400338C5A /* MGADHelper.m */ = {isa = PBXFileReference; fileEncoding = 4; lastKnownFileType = sourcecode.c.objc; path = MGADHelper.m; sourceTree = "<group>"; };
		E41807B82402712400338C5A /* MGAdController.m */ = {isa = PBXFileReference; fileEncoding = 4; lastKnownFileType = sourcecode.c.objc; path = MGAdController.m; sourceTree = "<group>"; };
		E41807B92402712400338C5A /* MGInterstitialAd.h */ = {isa = PBXFileReference; fileEncoding = 4; lastKnownFileType = sourcecode.c.h; path = MGInterstitialAd.h; sourceTree = "<group>"; };
		E41807BA2402712400338C5A /* MGRewardedAd.m */ = {isa = PBXFileReference; fileEncoding = 4; lastKnownFileType = sourcecode.c.objc; path = MGRewardedAd.m; sourceTree = "<group>"; };
		E41807BB2402712400338C5A /* MGAdReward.h */ = {isa = PBXFileReference; fileEncoding = 4; lastKnownFileType = sourcecode.c.h; path = MGAdReward.h; sourceTree = "<group>"; };
		E41807BC2402712400338C5A /* MGNetManager.h */ = {isa = PBXFileReference; fileEncoding = 4; lastKnownFileType = sourcecode.c.h; path = MGNetManager.h; sourceTree = "<group>"; };
		E41807BD2402712400338C5A /* MGNetAPI.h */ = {isa = PBXFileReference; fileEncoding = 4; lastKnownFileType = sourcecode.c.h; path = MGNetAPI.h; sourceTree = "<group>"; };
		E41807BE2402712400338C5A /* MGADENSDK.m */ = {isa = PBXFileReference; fileEncoding = 4; lastKnownFileType = sourcecode.c.objc; path = MGADENSDK.m; sourceTree = "<group>"; };
		E41807BF2402712400338C5A /* MGAdSize.m */ = {isa = PBXFileReference; fileEncoding = 4; lastKnownFileType = sourcecode.c.objc; path = MGAdSize.m; sourceTree = "<group>"; };
		E41807C02402712400338C5A /* MGGInsertAdController.m */ = {isa = PBXFileReference; fileEncoding = 4; lastKnownFileType = sourcecode.c.objc; path = MGGInsertAdController.m; sourceTree = "<group>"; };
		E41807C12402712400338C5A /* MGADManager.h */ = {isa = PBXFileReference; fileEncoding = 4; lastKnownFileType = sourcecode.c.h; path = MGADManager.h; sourceTree = "<group>"; };
		E41807C22402712400338C5A /* MGGRewardAdController.m */ = {isa = PBXFileReference; fileEncoding = 4; lastKnownFileType = sourcecode.c.objc; path = MGGRewardAdController.m; sourceTree = "<group>"; };
		E41807C32402712400338C5A /* MGBannerAdView.m */ = {isa = PBXFileReference; fileEncoding = 4; lastKnownFileType = sourcecode.c.objc; path = MGBannerAdView.m; sourceTree = "<group>"; };
		E41807C42402712400338C5A /* MGADStrategy.m */ = {isa = PBXFileReference; fileEncoding = 4; lastKnownFileType = sourcecode.c.objc; path = MGADStrategy.m; sourceTree = "<group>"; };
		E41807C52402712400338C5A /* MGFBRewardAdController.h */ = {isa = PBXFileReference; fileEncoding = 4; lastKnownFileType = sourcecode.c.h; path = MGFBRewardAdController.h; sourceTree = "<group>"; };
		E41807C62402712400338C5A /* MGFBInsertAdController.h */ = {isa = PBXFileReference; fileEncoding = 4; lastKnownFileType = sourcecode.c.h; path = MGFBInsertAdController.h; sourceTree = "<group>"; };
		E41807C72402712400338C5A /* MGRewardedAd.h */ = {isa = PBXFileReference; fileEncoding = 4; lastKnownFileType = sourcecode.c.h; path = MGRewardedAd.h; sourceTree = "<group>"; };
		E41807C82402712400338C5A /* MGAdReward.m */ = {isa = PBXFileReference; fileEncoding = 4; lastKnownFileType = sourcecode.c.objc; path = MGAdReward.m; sourceTree = "<group>"; };
		E41807C92402712400338C5A /* MGInterstitialAd.m */ = {isa = PBXFileReference; fileEncoding = 4; lastKnownFileType = sourcecode.c.objc; path = MGInterstitialAd.m; sourceTree = "<group>"; };
		E41807CA2402712400338C5A /* MGADHelper.h */ = {isa = PBXFileReference; fileEncoding = 4; lastKnownFileType = sourcecode.c.h; path = MGADHelper.h; sourceTree = "<group>"; };
		E41807CB2402712400338C5A /* MGAdController.h */ = {isa = PBXFileReference; fileEncoding = 4; lastKnownFileType = sourcecode.c.h; path = MGAdController.h; sourceTree = "<group>"; };
		E41807CC2402712400338C5A /* MGGRewardAdController.h */ = {isa = PBXFileReference; fileEncoding = 4; lastKnownFileType = sourcecode.c.h; path = MGGRewardAdController.h; sourceTree = "<group>"; };
		E41807CD2402712400338C5A /* MGADManager.m */ = {isa = PBXFileReference; fileEncoding = 4; lastKnownFileType = sourcecode.c.objc; path = MGADManager.m; sourceTree = "<group>"; };
		E41807CE2402712400338C5A /* MGGInsertAdController.h */ = {isa = PBXFileReference; fileEncoding = 4; lastKnownFileType = sourcecode.c.h; path = MGGInsertAdController.h; sourceTree = "<group>"; };
		E41807CF2402712400338C5A /* MGAdSize.h */ = {isa = PBXFileReference; fileEncoding = 4; lastKnownFileType = sourcecode.c.h; path = MGAdSize.h; sourceTree = "<group>"; };
		E41807D02402712400338C5A /* MGADENSDK.h */ = {isa = PBXFileReference; fileEncoding = 4; lastKnownFileType = sourcecode.c.h; path = MGADENSDK.h; sourceTree = "<group>"; };
		E41807D12402712400338C5A /* MGNetManager.m */ = {isa = PBXFileReference; fileEncoding = 4; lastKnownFileType = sourcecode.c.objc; path = MGNetManager.m; sourceTree = "<group>"; };
		E41807D22402712400338C5A /* MGADStrategy.h */ = {isa = PBXFileReference; fileEncoding = 4; lastKnownFileType = sourcecode.c.h; path = MGADStrategy.h; sourceTree = "<group>"; };
		E41807D32402712400338C5A /* MGADProtocol.h */ = {isa = PBXFileReference; fileEncoding = 4; lastKnownFileType = sourcecode.c.h; path = MGADProtocol.h; sourceTree = "<group>"; };
		E41807D52402712400338C5A /* NSObject+WHC_Model.h */ = {isa = PBXFileReference; fileEncoding = 4; lastKnownFileType = sourcecode.c.h; path = "NSObject+WHC_Model.h"; sourceTree = "<group>"; };
		E41807D62402712400338C5A /* NSObject+WHC_Model.m */ = {isa = PBXFileReference; fileEncoding = 4; lastKnownFileType = sourcecode.c.objc; path = "NSObject+WHC_Model.m"; sourceTree = "<group>"; };
		E41807D72402712400338C5A /* MGBannerAdView.h */ = {isa = PBXFileReference; fileEncoding = 4; lastKnownFileType = sourcecode.c.h; path = MGBannerAdView.h; sourceTree = "<group>"; };
		E41807D82402712400338C5A /* MGFBInsertAdController.m */ = {isa = PBXFileReference; fileEncoding = 4; lastKnownFileType = sourcecode.c.objc; path = MGFBInsertAdController.m; sourceTree = "<group>"; };
		E41807D92402712400338C5A /* MGFBRewardAdController.m */ = {isa = PBXFileReference; fileEncoding = 4; lastKnownFileType = sourcecode.c.objc; path = MGFBRewardAdController.m; sourceTree = "<group>"; };
		E41807FF2402739500338C5A /* MGADENSDK.framework */ = {isa = PBXFileReference; lastKnownFileType = wrapper.framework; name = MGADENSDK.framework; path = ../MGADENSDK/MGADENSDK.framework; sourceTree = "<group>"; };
		E86C77BE6B951E6BB3D21BD1 /* Pods-MGADENSDK.debug.xcconfig */ = {isa = PBXFileReference; includeInIndex = 1; lastKnownFileType = text.xcconfig; name = "Pods-MGADENSDK.debug.xcconfig"; path = "Pods/Target Support Files/Pods-MGADENSDK/Pods-MGADENSDK.debug.xcconfig"; sourceTree = "<group>"; };
		F16CBF90AA957953D0C49E09 /* Pods-MGADENSDK.release.xcconfig */ = {isa = PBXFileReference; includeInIndex = 1; lastKnownFileType = text.xcconfig; name = "Pods-MGADENSDK.release.xcconfig"; path = "Pods/Target Support Files/Pods-MGADENSDK/Pods-MGADENSDK.release.xcconfig"; sourceTree = "<group>"; };
		F5D7A5788465B2648AB618C5 /* README.md */ = {isa = PBXFileReference; includeInIndex = 1; lastKnownFileType = net.daringfireball.markdown; name = README.md; path = ../README.md; sourceTree = "<group>"; };
		F76C71047FFE24CB360EB325 /* MGADENSDK.podspec */ = {isa = PBXFileReference; includeInIndex = 1; lastKnownFileType = text; name = MGADENSDK.podspec; path = ../MGADENSDK.podspec; sourceTree = "<group>"; xcLanguageSpecificationIdentifier = xcode.lang.ruby; };
/* End PBXFileReference section */

/* Begin PBXFrameworksBuildPhase section */
		6003F587195388D20070C39A /* Frameworks */ = {
			isa = PBXFrameworksBuildPhase;
			buildActionMask = 2147483647;
			files = (
				E418076624026FCA00338C5A /* MGADENSDK.framework in Frameworks */,
				6003F590195388D20070C39A /* CoreGraphics.framework in Frameworks */,
				6003F592195388D20070C39A /* UIKit.framework in Frameworks */,
				E41808002402739500338C5A /* MGADENSDK.framework in Frameworks */,
				6003F58E195388D20070C39A /* Foundation.framework in Frameworks */,
				CF24A236FA9B510EE8381FBC /* Pods_MGADENSDK_Example.framework in Frameworks */,
			);
			runOnlyForDeploymentPostprocessing = 0;
		};
		6003F5AB195388D20070C39A /* Frameworks */ = {
			isa = PBXFrameworksBuildPhase;
			buildActionMask = 2147483647;
			files = (
				6003F5B0195388D20070C39A /* XCTest.framework in Frameworks */,
				6003F5B2195388D20070C39A /* UIKit.framework in Frameworks */,
				6003F5B1195388D20070C39A /* Foundation.framework in Frameworks */,
				3708FDAF627C08BCF26D8D86 /* Pods_MGADENSDK_Tests.framework in Frameworks */,
			);
			runOnlyForDeploymentPostprocessing = 0;
		};
		E41806FB2402697200338C5A /* Frameworks */ = {
			isa = PBXFrameworksBuildPhase;
			buildActionMask = 2147483647;
			files = (
				E362CF517C3772A7A0D7AD5C /* Pods_MGADENSDK.framework in Frameworks */,
			);
			runOnlyForDeploymentPostprocessing = 0;
		};
/* End PBXFrameworksBuildPhase section */

/* Begin PBXGroup section */
		6003F581195388D10070C39A = {
			isa = PBXGroup;
			children = (
				60FF7A9C1954A5C5007DD14C /* Podspec Metadata */,
				6003F593195388D20070C39A /* Example for MGADENSDK */,
				6003F5B5195388D20070C39A /* Tests */,
				E41806FF2402697200338C5A /* MGADENSDK */,
				6003F58C195388D20070C39A /* Frameworks */,
				6003F58B195388D20070C39A /* Products */,
				E35F66CB63C7E36BF7C26126 /* Pods */,
			);
			sourceTree = "<group>";
		};
		6003F58B195388D20070C39A /* Products */ = {
			isa = PBXGroup;
			children = (
				6003F58A195388D20070C39A /* MGADENSDK_Example.app */,
				6003F5AE195388D20070C39A /* MGADENSDK_Tests.xctest */,
				E41806FE2402697200338C5A /* MGADENSDK.framework */,
			);
			name = Products;
			sourceTree = "<group>";
		};
		6003F58C195388D20070C39A /* Frameworks */ = {
			isa = PBXGroup;
			children = (
				6003F58D195388D20070C39A /* Foundation.framework */,
				6003F58F195388D20070C39A /* CoreGraphics.framework */,
				6003F591195388D20070C39A /* UIKit.framework */,
				6003F5AF195388D20070C39A /* XCTest.framework */,
				D3D9857082163E2BF49AB5D4 /* Pods_MGADENSDK_Example.framework */,
				CD73A4C74F2423316FE00E3D /* Pods_MGADENSDK_Tests.framework */,
				56D9D91716A4F0FBF88F008E /* Pods_MGADENSDK.framework */,
			);
			name = Frameworks;
			sourceTree = "<group>";
		};
		6003F593195388D20070C39A /* Example for MGADENSDK */ = {
			isa = PBXGroup;
			children = (
				E41806D22402672900338C5A /* ALiHUD */,
				E41806C52402478500338C5A /* AppDelegate.h */,
				E41806C82402478500338C5A /* AppDelegate.m */,
				E41806C02402478500338C5A /* BannerViewController.h */,
				E41806C92402478500338C5A /* BannerViewController.m */,
				E41806C62402478500338C5A /* CustomViewController.h */,
				E41806C32402478500338C5A /* CustomViewController.m */,
				E41806C72402478500338C5A /* InsertViewController.h */,
				E41806CA2402478600338C5A /* InsertViewController.m */,
				E41806C42402478500338C5A /* RewardViewController.h */,
				E41806CB2402478600338C5A /* RewardViewController.m */,
				E41806C12402478500338C5A /* ViewController.h */,
				E41806C22402478500338C5A /* ViewController.m */,
				873B8AEA1B1F5CCA007FD442 /* Main.storyboard */,
				71719F9D1E33DC2100824A3D /* LaunchScreen.storyboard */,
				6003F5A8195388D20070C39A /* Images.xcassets */,
				6003F594195388D20070C39A /* Supporting Files */,
			);
			name = "Example for MGADENSDK";
			path = MGADENSDK;
			sourceTree = "<group>";
		};
		6003F594195388D20070C39A /* Supporting Files */ = {
			isa = PBXGroup;
			children = (
				6003F595195388D20070C39A /* MGADENSDK-Info.plist */,
				6003F596195388D20070C39A /* InfoPlist.strings */,
				6003F599195388D20070C39A /* main.m */,
				6003F59B195388D20070C39A /* MGADENSDK-Prefix.pch */,
			);
			name = "Supporting Files";
			sourceTree = "<group>";
		};
		6003F5B5195388D20070C39A /* Tests */ = {
			isa = PBXGroup;
			children = (
				6003F5BB195388D20070C39A /* Tests.m */,
				6003F5B6195388D20070C39A /* Supporting Files */,
			);
			path = Tests;
			sourceTree = "<group>";
		};
		6003F5B6195388D20070C39A /* Supporting Files */ = {
			isa = PBXGroup;
			children = (
				6003F5B7195388D20070C39A /* Tests-Info.plist */,
				6003F5B8195388D20070C39A /* InfoPlist.strings */,
				606FC2411953D9B200FFA9A0 /* Tests-Prefix.pch */,
			);
			name = "Supporting Files";
			sourceTree = "<group>";
		};
		60FF7A9C1954A5C5007DD14C /* Podspec Metadata */ = {
			isa = PBXGroup;
			children = (
				E41807FF2402739500338C5A /* MGADENSDK.framework */,
				F76C71047FFE24CB360EB325 /* MGADENSDK.podspec */,
				F5D7A5788465B2648AB618C5 /* README.md */,
				550FA39C2ED2CF76F7E0484D /* LICENSE */,
			);
			name = "Podspec Metadata";
			sourceTree = "<group>";
		};
		E35F66CB63C7E36BF7C26126 /* Pods */ = {
			isa = PBXGroup;
			children = (
				8FC91863841682AC63A1F335 /* Pods-MGADENSDK_Example.debug.xcconfig */,
				14ABD1791AF9A29E12EC977B /* Pods-MGADENSDK_Example.release.xcconfig */,
				87D31522247896BDF2FE63A2 /* Pods-MGADENSDK_Tests.debug.xcconfig */,
				6F15A05EB3CAF3A5BB5368F6 /* Pods-MGADENSDK_Tests.release.xcconfig */,
				E86C77BE6B951E6BB3D21BD1 /* Pods-MGADENSDK.debug.xcconfig */,
				F16CBF90AA957953D0C49E09 /* Pods-MGADENSDK.release.xcconfig */,
			);
			name = Pods;
			sourceTree = "<group>";
		};
		E41806D22402672900338C5A /* ALiHUD */ = {
			isa = PBXGroup;
			children = (
				E41806D32402672900338C5A /* images */,
				E41806DA2402672900338C5A /* ALiProgressHUD.h */,
				E41806DB2402672900338C5A /* SVProgressHUD */,
				E41806E62402672900338C5A /* NSObject+ALiHUD.m */,
				E41806E72402672900338C5A /* WGKeyChain.m */,
				E41806E82402672900338C5A /* ALiProgressHUD.m */,
				E41806E92402672900338C5A /* WGKeyChain.h */,
				E41806EA2402672900338C5A /* NSObject+ALiHUD.h */,
			);
			path = ALiHUD;
			sourceTree = "<group>";
		};
		E41806D32402672900338C5A /* images */ = {
			isa = PBXGroup;
			children = (
				E41806D42402672900338C5A /* HUD_success@2x.png */,
				E41806D52402672900338C5A /* HUD_success@3x.png */,
				E41806D62402672900338C5A /* HUD_error@3x.png */,
				E41806D72402672900338C5A /* HUD_info@3x.png */,
				E41806D82402672900338C5A /* HUD_info@2x.png */,
				E41806D92402672900338C5A /* HUD_error@2x.png */,
			);
			path = images;
			sourceTree = "<group>";
		};
		E41806DB2402672900338C5A /* SVProgressHUD */ = {
			isa = PBXGroup;
			children = (
				E41806DC2402672900338C5A /* SVRadialGradientLayer.m */,
				E41806DD2402672900338C5A /* SVIndefiniteAnimatedView.h */,
				E41806DE2402672900338C5A /* SVProgressHUD.h */,
				E41806DF2402672900338C5A /* SVProgressAnimatedView.m */,
				E41806E02402672900338C5A /* SVProgressHUD-Prefix.pch */,
				E41806E12402672900338C5A /* SVRadialGradientLayer.h */,
				E41806E22402672900338C5A /* SVProgressHUD.m */,
				E41806E32402672900338C5A /* SVIndefiniteAnimatedView.m */,
				E41806E42402672900338C5A /* SVProgressHUD.bundle */,
				E41806E52402672900338C5A /* SVProgressAnimatedView.h */,
			);
			path = SVProgressHUD;
			sourceTree = "<group>";
		};
		E41806FF2402697200338C5A /* MGADENSDK */ = {
			isa = PBXGroup;
			children = (
				E41807B52402712400338C5A /* ADSDKCode */,
				E41807012402697200338C5A /* Info.plist */,
			);
			path = MGADENSDK;
			sourceTree = "<group>";
		};
		E41807B52402712400338C5A /* ADSDKCode */ = {
			isa = PBXGroup;
			children = (
				E41807B62402712400338C5A /* MGADDefines.h */,
				E41807B72402712400338C5A /* MGADHelper.m */,
				E41807B82402712400338C5A /* MGAdController.m */,
				E41807B92402712400338C5A /* MGInterstitialAd.h */,
				E41807BA2402712400338C5A /* MGRewardedAd.m */,
				E41807BB2402712400338C5A /* MGAdReward.h */,
				E41807BC2402712400338C5A /* MGNetManager.h */,
				E41807BD2402712400338C5A /* MGNetAPI.h */,
				E41807BE2402712400338C5A /* MGADENSDK.m */,
				E41807BF2402712400338C5A /* MGAdSize.m */,
				E41807C02402712400338C5A /* MGGInsertAdController.m */,
				E41807C12402712400338C5A /* MGADManager.h */,
				E41807C22402712400338C5A /* MGGRewardAdController.m */,
				E41807C32402712400338C5A /* MGBannerAdView.m */,
				E41807C42402712400338C5A /* MGADStrategy.m */,
				E41807C52402712400338C5A /* MGFBRewardAdController.h */,
				E41807C62402712400338C5A /* MGFBInsertAdController.h */,
				E41807C72402712400338C5A /* MGRewardedAd.h */,
				E41807C82402712400338C5A /* MGAdReward.m */,
				E41807C92402712400338C5A /* MGInterstitialAd.m */,
				E41807CA2402712400338C5A /* MGADHelper.h */,
				E41807CB2402712400338C5A /* MGAdController.h */,
				E41807CC2402712400338C5A /* MGGRewardAdController.h */,
				E41807CD2402712400338C5A /* MGADManager.m */,
				E41807CE2402712400338C5A /* MGGInsertAdController.h */,
				E41807CF2402712400338C5A /* MGAdSize.h */,
				E41807D02402712400338C5A /* MGADENSDK.h */,
				E41807D12402712400338C5A /* MGNetManager.m */,
				E41807D22402712400338C5A /* MGADStrategy.h */,
				E41807D32402712400338C5A /* MGADProtocol.h */,
				E41807D42402712400338C5A /* WHC_ModelKit */,
				E41807D72402712400338C5A /* MGBannerAdView.h */,
				E41807D82402712400338C5A /* MGFBInsertAdController.m */,
				E41807D92402712400338C5A /* MGFBRewardAdController.m */,
			);
			path = ADSDKCode;
			sourceTree = "<group>";
		};
		E41807D42402712400338C5A /* WHC_ModelKit */ = {
			isa = PBXGroup;
			children = (
				E41807D52402712400338C5A /* NSObject+WHC_Model.h */,
				E41807D62402712400338C5A /* NSObject+WHC_Model.m */,
			);
			path = WHC_ModelKit;
			sourceTree = "<group>";
		};
/* End PBXGroup section */

/* Begin PBXHeadersBuildPhase section */
		E41806F92402697200338C5A /* Headers */ = {
			isa = PBXHeadersBuildPhase;
			buildActionMask = 2147483647;
			files = (
				E41807F62402712500338C5A /* MGADStrategy.h in Headers */,
				E41807EA2402712500338C5A /* MGFBInsertAdController.h in Headers */,
				E41807EE2402712500338C5A /* MGADHelper.h in Headers */,
				E41807FA2402712500338C5A /* MGBannerAdView.h in Headers */,
				E41807F32402712500338C5A /* MGAdSize.h in Headers */,
				E41807F72402712500338C5A /* MGADProtocol.h in Headers */,
				E41807EF2402712500338C5A /* MGAdController.h in Headers */,
				E41807F42402712500338C5A /* MGADENSDK.h in Headers */,
				E41807EB2402712500338C5A /* MGRewardedAd.h in Headers */,
				E41807DA2402712400338C5A /* MGADDefines.h in Headers */,
				E41807F22402712500338C5A /* MGGInsertAdController.h in Headers */,
				E41807DD2402712400338C5A /* MGInterstitialAd.h in Headers */,
				E41807E12402712400338C5A /* MGNetAPI.h in Headers */,
				E41807E52402712500338C5A /* MGADManager.h in Headers */,
				E41807E02402712400338C5A /* MGNetManager.h in Headers */,
				E41807E92402712500338C5A /* MGFBRewardAdController.h in Headers */,
				E41807F02402712500338C5A /* MGGRewardAdController.h in Headers */,
				E41807DF2402712400338C5A /* MGAdReward.h in Headers */,
				E41807F82402712500338C5A /* NSObject+WHC_Model.h in Headers */,
			);
			runOnlyForDeploymentPostprocessing = 0;
		};
/* End PBXHeadersBuildPhase section */

/* Begin PBXNativeTarget section */
		6003F589195388D20070C39A /* MGADENSDK_Example */ = {
			isa = PBXNativeTarget;
			buildConfigurationList = 6003F5BF195388D20070C39A /* Build configuration list for PBXNativeTarget "MGADENSDK_Example" */;
			buildPhases = (
				FE2BFAE0BC3D41933DF3AA03 /* [CP] Check Pods Manifest.lock */,
				6003F586195388D20070C39A /* Sources */,
				6003F587195388D20070C39A /* Frameworks */,
				6003F588195388D20070C39A /* Resources */,
				6ECB6676C0AC0CB1573678E7 /* [CP] Embed Pods Frameworks */,
				E418076524026FB100338C5A /* Embed Frameworks */,
			);
			buildRules = (
			);
			dependencies = (
				E418076924026FCB00338C5A /* PBXTargetDependency */,
			);
			name = MGADENSDK_Example;
			productName = MGADENSDK;
			productReference = 6003F58A195388D20070C39A /* MGADENSDK_Example.app */;
			productType = "com.apple.product-type.application";
		};
		6003F5AD195388D20070C39A /* MGADENSDK_Tests */ = {
			isa = PBXNativeTarget;
			buildConfigurationList = 6003F5C2195388D20070C39A /* Build configuration list for PBXNativeTarget "MGADENSDK_Tests" */;
			buildPhases = (
				654CE492D66AABFC355F871E /* [CP] Check Pods Manifest.lock */,
				6003F5AA195388D20070C39A /* Sources */,
				6003F5AB195388D20070C39A /* Frameworks */,
				6003F5AC195388D20070C39A /* Resources */,
			);
			buildRules = (
			);
			dependencies = (
				6003F5B4195388D20070C39A /* PBXTargetDependency */,
			);
			name = MGADENSDK_Tests;
			productName = MGADENSDKTests;
			productReference = 6003F5AE195388D20070C39A /* MGADENSDK_Tests.xctest */;
			productType = "com.apple.product-type.bundle.unit-test";
		};
		E41806FD2402697200338C5A /* MGADENSDK */ = {
			isa = PBXNativeTarget;
			buildConfigurationList = E418070A2402697200338C5A /* Build configuration list for PBXNativeTarget "MGADENSDK" */;
			buildPhases = (
				AEA6693FF01087A92C4CB470 /* [CP] Check Pods Manifest.lock */,
				E41806F92402697200338C5A /* Headers */,
				E41806FA2402697200338C5A /* Sources */,
				E41806FB2402697200338C5A /* Frameworks */,
				E41806FC2402697200338C5A /* Resources */,
			);
			buildRules = (
			);
			dependencies = (
			);
			name = MGADENSDK;
			productName = MGADENSDK;
			productReference = E41806FE2402697200338C5A /* MGADENSDK.framework */;
			productType = "com.apple.product-type.framework";
		};
/* End PBXNativeTarget section */

/* Begin PBXProject section */
		6003F582195388D10070C39A /* Project object */ = {
			isa = PBXProject;
			attributes = {
				CLASSPREFIX = "";
				LastUpgradeCheck = 0720;
				ORGANIZATIONNAME = baixiaosheng;
				TargetAttributes = {
					6003F589195388D20070C39A = {
						DevelopmentTeam = 2LFJGTZC39;
					};
					6003F5AD195388D20070C39A = {
						TestTargetID = 6003F589195388D20070C39A;
					};
					E41806FD2402697200338C5A = {
						CreatedOnToolsVersion = 11.3.1;
						DevelopmentTeam = 2LFJGTZC39;
						ProvisioningStyle = Automatic;
					};
					E418075A24026CE200338C5A = {
						CreatedOnToolsVersion = 11.3.1;
						DevelopmentTeam = 2LFJGTZC39;
						ProvisioningStyle = Automatic;
					};
				};
			};
			buildConfigurationList = 6003F585195388D10070C39A /* Build configuration list for PBXProject "MGADENSDK" */;
			compatibilityVersion = "Xcode 3.2";
			developmentRegion = English;
			hasScannedForEncodings = 0;
			knownRegions = (
				English,
				en,
				Base,
			);
			mainGroup = 6003F581195388D10070C39A;
			productRefGroup = 6003F58B195388D20070C39A /* Products */;
			projectDirPath = "";
			projectRoot = "";
			targets = (
				6003F589195388D20070C39A /* MGADENSDK_Example */,
				6003F5AD195388D20070C39A /* MGADENSDK_Tests */,
				E41806FD2402697200338C5A /* MGADENSDK */,
				E418075A24026CE200338C5A /* MGMerge */,
			);
		};
/* End PBXProject section */

/* Begin PBXResourcesBuildPhase section */
		6003F588195388D20070C39A /* Resources */ = {
			isa = PBXResourcesBuildPhase;
			buildActionMask = 2147483647;
			files = (
				E41806EB2402672900338C5A /* HUD_success@2x.png in Resources */,
				E41806EE2402672900338C5A /* HUD_info@3x.png in Resources */,
				E41806EC2402672900338C5A /* HUD_success@3x.png in Resources */,
				873B8AEB1B1F5CCA007FD442 /* Main.storyboard in Resources */,
				71719F9F1E33DC2100824A3D /* LaunchScreen.storyboard in Resources */,
				E41806F02402672900338C5A /* HUD_error@2x.png in Resources */,
				E41806ED2402672900338C5A /* HUD_error@3x.png in Resources */,
				E41806EF2402672900338C5A /* HUD_info@2x.png in Resources */,
				6003F5A9195388D20070C39A /* Images.xcassets in Resources */,
				6003F598195388D20070C39A /* InfoPlist.strings in Resources */,
				E41806F52402672900338C5A /* SVProgressHUD.bundle in Resources */,
			);
			runOnlyForDeploymentPostprocessing = 0;
		};
		6003F5AC195388D20070C39A /* Resources */ = {
			isa = PBXResourcesBuildPhase;
			buildActionMask = 2147483647;
			files = (
				6003F5BA195388D20070C39A /* InfoPlist.strings in Resources */,
			);
			runOnlyForDeploymentPostprocessing = 0;
		};
		E41806FC2402697200338C5A /* Resources */ = {
			isa = PBXResourcesBuildPhase;
			buildActionMask = 2147483647;
			files = (
			);
			runOnlyForDeploymentPostprocessing = 0;
		};
/* End PBXResourcesBuildPhase section */

/* Begin PBXShellScriptBuildPhase section */
		654CE492D66AABFC355F871E /* [CP] Check Pods Manifest.lock */ = {
			isa = PBXShellScriptBuildPhase;
			buildActionMask = 2147483647;
			files = (
			);
			inputFileListPaths = (
			);
			inputPaths = (
				"${PODS_PODFILE_DIR_PATH}/Podfile.lock",
				"${PODS_ROOT}/Manifest.lock",
			);
			name = "[CP] Check Pods Manifest.lock";
			outputFileListPaths = (
			);
			outputPaths = (
				"$(DERIVED_FILE_DIR)/Pods-MGADENSDK_Tests-checkManifestLockResult.txt",
			);
			runOnlyForDeploymentPostprocessing = 0;
			shellPath = /bin/sh;
			shellScript = "diff \"${PODS_PODFILE_DIR_PATH}/Podfile.lock\" \"${PODS_ROOT}/Manifest.lock\" > /dev/null\nif [ $? != 0 ] ; then\n    # print error to STDERR\n    echo \"error: The sandbox is not in sync with the Podfile.lock. Run 'pod install' or update your CocoaPods installation.\" >&2\n    exit 1\nfi\n# This output is used by Xcode 'outputs' to avoid re-running this script phase.\necho \"SUCCESS\" > \"${SCRIPT_OUTPUT_FILE_0}\"\n";
			showEnvVarsInLog = 0;
		};
		6ECB6676C0AC0CB1573678E7 /* [CP] Embed Pods Frameworks */ = {
			isa = PBXShellScriptBuildPhase;
			buildActionMask = 2147483647;
			files = (
			);
			inputPaths = (
				"${PODS_ROOT}/Target Support Files/Pods-MGADENSDK_Example/Pods-MGADENSDK_Example-frameworks.sh",
				"${BUILT_PRODUCTS_DIR}/GoogleUtilities/GoogleUtilities.framework",
				"${BUILT_PRODUCTS_DIR}/nanopb/nanopb.framework",
			);
			name = "[CP] Embed Pods Frameworks";
			outputPaths = (
				"${TARGET_BUILD_DIR}/${FRAMEWORKS_FOLDER_PATH}/GoogleUtilities.framework",
				"${TARGET_BUILD_DIR}/${FRAMEWORKS_FOLDER_PATH}/nanopb.framework",
			);
			runOnlyForDeploymentPostprocessing = 0;
			shellPath = /bin/sh;
			shellScript = "\"${PODS_ROOT}/Target Support Files/Pods-MGADENSDK_Example/Pods-MGADENSDK_Example-frameworks.sh\"\n";
			showEnvVarsInLog = 0;
		};
		AEA6693FF01087A92C4CB470 /* [CP] Check Pods Manifest.lock */ = {
			isa = PBXShellScriptBuildPhase;
			buildActionMask = 2147483647;
			files = (
			);
			inputFileListPaths = (
			);
			inputPaths = (
				"${PODS_PODFILE_DIR_PATH}/Podfile.lock",
				"${PODS_ROOT}/Manifest.lock",
			);
			name = "[CP] Check Pods Manifest.lock";
			outputFileListPaths = (
			);
			outputPaths = (
				"$(DERIVED_FILE_DIR)/Pods-MGADENSDK-checkManifestLockResult.txt",
			);
			runOnlyForDeploymentPostprocessing = 0;
			shellPath = /bin/sh;
			shellScript = "diff \"${PODS_PODFILE_DIR_PATH}/Podfile.lock\" \"${PODS_ROOT}/Manifest.lock\" > /dev/null\nif [ $? != 0 ] ; then\n    # print error to STDERR\n    echo \"error: The sandbox is not in sync with the Podfile.lock. Run 'pod install' or update your CocoaPods installation.\" >&2\n    exit 1\nfi\n# This output is used by Xcode 'outputs' to avoid re-running this script phase.\necho \"SUCCESS\" > \"${SCRIPT_OUTPUT_FILE_0}\"\n";
			showEnvVarsInLog = 0;
		};
		E418075E24026D1D00338C5A /* ShellScript */ = {
			isa = PBXShellScriptBuildPhase;
			buildActionMask = 2147483647;
			files = (
			);
			inputFileListPaths = (
			);
			inputPaths = (
			);
			outputFileListPaths = (
			);
			outputPaths = (
			);
			runOnlyForDeploymentPostprocessing = 0;
			shellPath = /bin/sh;
			shellScript = "#!/bin/sh\n# 取得build的target名（get project name）\nTARGET_NAME=${PROJECT_NAME}\nif [[ $1 ]]\nthen\nTARGET_NAME=$1\nfi\nUNIVERSAL_OUTPUT_FOLDER=\"${SRCROOT}/../${PROJECT_NAME}/\"\n#创建输出目录，并删除之前的framework文件\nmkdir -p \"${UNIVERSAL_OUTPUT_FOLDER}\"\nrm -rf \"${UNIVERSAL_OUTPUT_FOLDER}/${TARGET_NAME}.framework\"\n# 设置真机和模拟器生成的静态库路径 （set devcie framework and simulator framework path）\nWRK_DIR=build\nDEVICE_DIR=${WRK_DIR}/Release-iphoneos/${FMK_NAME}.framework\nSIMULATOR_DIR=${WRK_DIR}/Release-iphonesimulator/${FMK_NAME}.framework\n#分别编译模拟器和真机的Framework\nxcodebuild -target \"${TARGET_NAME}\" ONLY_ACTIVE_ARCH=NO -configuration ${CONFIGURATION} -sdk iphoneos BUILD_DIR=\"${BUILD_DIR}\" BUILD_ROOT=\"${BUILD_ROOT}\" clean build\nxcodebuild -target \"${TARGET_NAME}\" ONLY_ACTIVE_ARCH=NO -configuration ${CONFIGURATION} -sdk iphonesimulator BUILD_DIR=\"${BUILD_DIR}\" BUILD_ROOT=\"${BUILD_ROOT}\" clean build\n#拷贝framework到univer目录\ncp -R \"${BUILD_DIR}/${CONFIGURATION}-iphonesimulator/${TARGET_NAME}.framework\" \"${UNIVERSAL_OUTPUT_FOLDER}\"\n#合并framework，输出最终的framework到build目录\nlipo -create -output \"${UNIVERSAL_OUTPUT_FOLDER}/${TARGET_NAME}.framework/${TARGET_NAME}\" \"${BUILD_DIR}/${CONFIGURATION}-iphonesimulator/${TARGET_NAME}.framework/${TARGET_NAME}\" \"${BUILD_DIR}/${CONFIGURATION}-iphoneos/${TARGET_NAME}.framework/${TARGET_NAME}\"\n#删除编译之后生成的无关的配置文件\ndir_path=\"${UNIVERSAL_OUTPUT_FOLDER}/${TARGET_NAME}.framework/\"\nfor file in ls $dir_path\ndo\nif [[ ${file} =~ \".xcconfig\" ]]\nthen\nrm -f \"${dir_path}/${file}\"\nfi\ndone\n#判断build文件夹是否存在，存在则删除\nif [ -d \"${SRCROOT}/build\" ]\nthen\nrm -rf \"${SRCROOT}/build\"\nfi\nrm -rf \"${BUILD_DIR}/${CONFIGURATION}-iphonesimulator\" \"${BUILD_DIR}/${CONFIGURATION}-iphoneos\"\n#打开合并后的文件夹\nopen \"${UNIVERSAL_OUTPUT_FOLDER}\"\n";
		};
		FE2BFAE0BC3D41933DF3AA03 /* [CP] Check Pods Manifest.lock */ = {
			isa = PBXShellScriptBuildPhase;
			buildActionMask = 2147483647;
			files = (
			);
			inputFileListPaths = (
			);
			inputPaths = (
				"${PODS_PODFILE_DIR_PATH}/Podfile.lock",
				"${PODS_ROOT}/Manifest.lock",
			);
			name = "[CP] Check Pods Manifest.lock";
			outputFileListPaths = (
			);
			outputPaths = (
				"$(DERIVED_FILE_DIR)/Pods-MGADENSDK_Example-checkManifestLockResult.txt",
			);
			runOnlyForDeploymentPostprocessing = 0;
			shellPath = /bin/sh;
			shellScript = "diff \"${PODS_PODFILE_DIR_PATH}/Podfile.lock\" \"${PODS_ROOT}/Manifest.lock\" > /dev/null\nif [ $? != 0 ] ; then\n    # print error to STDERR\n    echo \"error: The sandbox is not in sync with the Podfile.lock. Run 'pod install' or update your CocoaPods installation.\" >&2\n    exit 1\nfi\n# This output is used by Xcode 'outputs' to avoid re-running this script phase.\necho \"SUCCESS\" > \"${SCRIPT_OUTPUT_FILE_0}\"\n";
			showEnvVarsInLog = 0;
		};
/* End PBXShellScriptBuildPhase section */

/* Begin PBXSourcesBuildPhase section */
		6003F586195388D20070C39A /* Sources */ = {
			isa = PBXSourcesBuildPhase;
			buildActionMask = 2147483647;
			files = (
				E41806CE2402478600338C5A /* AppDelegate.m in Sources */,
				E41806F22402672900338C5A /* SVProgressAnimatedView.m in Sources */,
				E41806F32402672900338C5A /* SVProgressHUD.m in Sources */,
				E41806F72402672900338C5A /* WGKeyChain.m in Sources */,
				E41806F82402672900338C5A /* ALiProgressHUD.m in Sources */,
				E41806CF2402478600338C5A /* BannerViewController.m in Sources */,
				6003F59A195388D20070C39A /* main.m in Sources */,
				E41806CC2402478600338C5A /* ViewController.m in Sources */,
				E41806D12402478600338C5A /* RewardViewController.m in Sources */,
				E41806CD2402478600338C5A /* CustomViewController.m in Sources */,
				E41806F42402672900338C5A /* SVIndefiniteAnimatedView.m in Sources */,
				E41806F12402672900338C5A /* SVRadialGradientLayer.m in Sources */,
				E41806D02402478600338C5A /* InsertViewController.m in Sources */,
				E41806F62402672900338C5A /* NSObject+ALiHUD.m in Sources */,
			);
			runOnlyForDeploymentPostprocessing = 0;
		};
		6003F5AA195388D20070C39A /* Sources */ = {
			isa = PBXSourcesBuildPhase;
			buildActionMask = 2147483647;
			files = (
				6003F5BC195388D20070C39A /* Tests.m in Sources */,
			);
			runOnlyForDeploymentPostprocessing = 0;
		};
		E41806FA2402697200338C5A /* Sources */ = {
			isa = PBXSourcesBuildPhase;
			buildActionMask = 2147483647;
			files = (
				E41807F12402712500338C5A /* MGADManager.m in Sources */,
				E41807F52402712500338C5A /* MGNetManager.m in Sources */,
				E41807E22402712400338C5A /* MGADENSDK.m in Sources */,
				E41807E42402712500338C5A /* MGGInsertAdController.m in Sources */,
				E41807DC2402712400338C5A /* MGAdController.m in Sources */,
				E41807FB2402712500338C5A /* MGFBInsertAdController.m in Sources */,
				E41807E62402712500338C5A /* MGGRewardAdController.m in Sources */,
				E41807DB2402712400338C5A /* MGADHelper.m in Sources */,
				E41807E72402712500338C5A /* MGBannerAdView.m in Sources */,
				E41807ED2402712500338C5A /* MGInterstitialAd.m in Sources */,
				E41807E32402712400338C5A /* MGAdSize.m in Sources */,
				E41807F92402712500338C5A /* NSObject+WHC_Model.m in Sources */,
				E41807EC2402712500338C5A /* MGAdReward.m in Sources */,
				E41807FC2402712500338C5A /* MGFBRewardAdController.m in Sources */,
				E41807E82402712500338C5A /* MGADStrategy.m in Sources */,
				E41807DE2402712400338C5A /* MGRewardedAd.m in Sources */,
			);
			runOnlyForDeploymentPostprocessing = 0;
		};
/* End PBXSourcesBuildPhase section */

/* Begin PBXTargetDependency section */
		6003F5B4195388D20070C39A /* PBXTargetDependency */ = {
			isa = PBXTargetDependency;
			target = 6003F589195388D20070C39A /* MGADENSDK_Example */;
			targetProxy = 6003F5B3195388D20070C39A /* PBXContainerItemProxy */;
		};
		E418076024026D2300338C5A /* PBXTargetDependency */ = {
			isa = PBXTargetDependency;
			target = E41806FD2402697200338C5A /* MGADENSDK */;
			targetProxy = E418075F24026D2300338C5A /* PBXContainerItemProxy */;
		};
		E418076924026FCB00338C5A /* PBXTargetDependency */ = {
			isa = PBXTargetDependency;
			target = E41806FD2402697200338C5A /* MGADENSDK */;
			targetProxy = E418076824026FCB00338C5A /* PBXContainerItemProxy */;
		};
/* End PBXTargetDependency section */

/* Begin PBXVariantGroup section */
		6003F596195388D20070C39A /* InfoPlist.strings */ = {
			isa = PBXVariantGroup;
			children = (
				6003F597195388D20070C39A /* en */,
			);
			name = InfoPlist.strings;
			sourceTree = "<group>";
		};
		6003F5B8195388D20070C39A /* InfoPlist.strings */ = {
			isa = PBXVariantGroup;
			children = (
				6003F5B9195388D20070C39A /* en */,
			);
			name = InfoPlist.strings;
			sourceTree = "<group>";
		};
		71719F9D1E33DC2100824A3D /* LaunchScreen.storyboard */ = {
			isa = PBXVariantGroup;
			children = (
				71719F9E1E33DC2100824A3D /* Base */,
			);
			name = LaunchScreen.storyboard;
			sourceTree = "<group>";
		};
/* End PBXVariantGroup section */

/* Begin XCBuildConfiguration section */
		6003F5BD195388D20070C39A /* Debug */ = {
			isa = XCBuildConfiguration;
			buildSettings = {
				ALWAYS_SEARCH_USER_PATHS = NO;
				CLANG_CXX_LANGUAGE_STANDARD = "gnu++0x";
				CLANG_CXX_LIBRARY = "libc++";
				CLANG_ENABLE_MODULES = YES;
				CLANG_ENABLE_OBJC_ARC = YES;
				CLANG_WARN_BOOL_CONVERSION = YES;
				CLANG_WARN_CONSTANT_CONVERSION = YES;
				CLANG_WARN_DIRECT_OBJC_ISA_USAGE = YES_ERROR;
				CLANG_WARN_EMPTY_BODY = YES;
				CLANG_WARN_ENUM_CONVERSION = YES;
				CLANG_WARN_INT_CONVERSION = YES;
				CLANG_WARN_OBJC_ROOT_CLASS = YES_ERROR;
				CLANG_WARN__DUPLICATE_METHOD_MATCH = YES;
				"CODE_SIGN_IDENTITY[sdk=iphoneos*]" = "iPhone Developer";
				COPY_PHASE_STRIP = NO;
				ENABLE_TESTABILITY = YES;
				GCC_C_LANGUAGE_STANDARD = gnu99;
				GCC_DYNAMIC_NO_PIC = NO;
				GCC_OPTIMIZATION_LEVEL = 0;
				GCC_PREPROCESSOR_DEFINITIONS = (
					"DEBUG=1",
					"$(inherited)",
				);
				GCC_SYMBOLS_PRIVATE_EXTERN = NO;
				GCC_WARN_64_TO_32_BIT_CONVERSION = YES;
				GCC_WARN_ABOUT_RETURN_TYPE = YES_ERROR;
				GCC_WARN_UNDECLARED_SELECTOR = YES;
				GCC_WARN_UNINITIALIZED_AUTOS = YES_AGGRESSIVE;
				GCC_WARN_UNUSED_FUNCTION = YES;
				GCC_WARN_UNUSED_VARIABLE = YES;
				IPHONEOS_DEPLOYMENT_TARGET = 9.3;
				ONLY_ACTIVE_ARCH = YES;
				SDKROOT = iphoneos;
				TARGETED_DEVICE_FAMILY = "1,2";
			};
			name = Debug;
		};
		6003F5BE195388D20070C39A /* Release */ = {
			isa = XCBuildConfiguration;
			buildSettings = {
				ALWAYS_SEARCH_USER_PATHS = NO;
				CLANG_CXX_LANGUAGE_STANDARD = "gnu++0x";
				CLANG_CXX_LIBRARY = "libc++";
				CLANG_ENABLE_MODULES = YES;
				CLANG_ENABLE_OBJC_ARC = YES;
				CLANG_WARN_BOOL_CONVERSION = YES;
				CLANG_WARN_CONSTANT_CONVERSION = YES;
				CLANG_WARN_DIRECT_OBJC_ISA_USAGE = YES_ERROR;
				CLANG_WARN_EMPTY_BODY = YES;
				CLANG_WARN_ENUM_CONVERSION = YES;
				CLANG_WARN_INT_CONVERSION = YES;
				CLANG_WARN_OBJC_ROOT_CLASS = YES_ERROR;
				CLANG_WARN__DUPLICATE_METHOD_MATCH = YES;
				"CODE_SIGN_IDENTITY[sdk=iphoneos*]" = "iPhone Developer";
				COPY_PHASE_STRIP = YES;
				ENABLE_NS_ASSERTIONS = NO;
				GCC_C_LANGUAGE_STANDARD = gnu99;
				GCC_WARN_64_TO_32_BIT_CONVERSION = YES;
				GCC_WARN_ABOUT_RETURN_TYPE = YES_ERROR;
				GCC_WARN_UNDECLARED_SELECTOR = YES;
				GCC_WARN_UNINITIALIZED_AUTOS = YES_AGGRESSIVE;
				GCC_WARN_UNUSED_FUNCTION = YES;
				GCC_WARN_UNUSED_VARIABLE = YES;
				IPHONEOS_DEPLOYMENT_TARGET = 9.3;
				SDKROOT = iphoneos;
				TARGETED_DEVICE_FAMILY = "1,2";
				VALIDATE_PRODUCT = YES;
			};
			name = Release;
		};
		6003F5C0195388D20070C39A /* Debug */ = {
			isa = XCBuildConfiguration;
			baseConfigurationReference = 8FC91863841682AC63A1F335 /* Pods-MGADENSDK_Example.debug.xcconfig */;
			buildSettings = {
				ASSETCATALOG_COMPILER_APPICON_NAME = AppIcon;
				DEVELOPMENT_TEAM = 2LFJGTZC39;
				FRAMEWORK_SEARCH_PATHS = (
					"$(inherited)",
					"$(PROJECT_DIR)/MGADENSDK",
				);
				GCC_PRECOMPILE_PREFIX_HEADER = YES;
				GCC_PREFIX_HEADER = "MGADENSDK/MGADENSDK-Prefix.pch";
				INFOPLIST_FILE = "MGADENSDK/MGADENSDK-Info.plist";
				LD_RUNPATH_SEARCH_PATHS = "$(inherited) @executable_path/Frameworks";
				MODULE_NAME = ExampleApp;
				OTHER_LDFLAGS = (
					"$(inherited)",
					"-framework",
					"\"MGADENSDK\"",
					"-all_load",
					"-objC",
				);
				PRODUCT_BUNDLE_IDENTIFIER = "org.cocoapods.demo.${PRODUCT_NAME:rfc1034identifier}";
				PRODUCT_NAME = "$(TARGET_NAME)";
				SWIFT_VERSION = 4.0;
				WRAPPER_EXTENSION = app;
			};
			name = Debug;
		};
		6003F5C1195388D20070C39A /* Release */ = {
			isa = XCBuildConfiguration;
			baseConfigurationReference = 14ABD1791AF9A29E12EC977B /* Pods-MGADENSDK_Example.release.xcconfig */;
			buildSettings = {
				ASSETCATALOG_COMPILER_APPICON_NAME = AppIcon;
				DEVELOPMENT_TEAM = 2LFJGTZC39;
				FRAMEWORK_SEARCH_PATHS = (
					"$(inherited)",
					"$(PROJECT_DIR)/MGADENSDK",
				);
				GCC_PRECOMPILE_PREFIX_HEADER = YES;
				GCC_PREFIX_HEADER = "MGADENSDK/MGADENSDK-Prefix.pch";
				INFOPLIST_FILE = "MGADENSDK/MGADENSDK-Info.plist";
				LD_RUNPATH_SEARCH_PATHS = "$(inherited) @executable_path/Frameworks";
				MODULE_NAME = ExampleApp;
				OTHER_LDFLAGS = (
					"$(inherited)",
					"-framework",
					"\"MGADENSDK\"",
					"-all_load",
					"-objC",
				);
				PRODUCT_BUNDLE_IDENTIFIER = "org.cocoapods.demo.${PRODUCT_NAME:rfc1034identifier}";
				PRODUCT_NAME = "$(TARGET_NAME)";
				SWIFT_VERSION = 4.0;
				WRAPPER_EXTENSION = app;
			};
			name = Release;
		};
		6003F5C3195388D20070C39A /* Debug */ = {
			isa = XCBuildConfiguration;
			baseConfigurationReference = 87D31522247896BDF2FE63A2 /* Pods-MGADENSDK_Tests.debug.xcconfig */;
			buildSettings = {
				BUNDLE_LOADER = "$(TEST_HOST)";
				FRAMEWORK_SEARCH_PATHS = (
					"$(PLATFORM_DIR)/Developer/Library/Frameworks",
					"$(inherited)",
					"$(DEVELOPER_FRAMEWORKS_DIR)",
				);
				GCC_PRECOMPILE_PREFIX_HEADER = YES;
				GCC_PREFIX_HEADER = "Tests/Tests-Prefix.pch";
				GCC_PREPROCESSOR_DEFINITIONS = (
					"DEBUG=1",
					"$(inherited)",
				);
				INFOPLIST_FILE = "Tests/Tests-Info.plist";
				PRODUCT_BUNDLE_IDENTIFIER = "org.cocoapods.demo.${PRODUCT_NAME:rfc1034identifier}";
				PRODUCT_NAME = "$(TARGET_NAME)";
				SWIFT_VERSION = 4.0;
				TEST_HOST = "$(BUILT_PRODUCTS_DIR)/MGADENSDK_Example.app/MGADENSDK_Example";
				WRAPPER_EXTENSION = xctest;
			};
			name = Debug;
		};
		6003F5C4195388D20070C39A /* Release */ = {
			isa = XCBuildConfiguration;
			baseConfigurationReference = 6F15A05EB3CAF3A5BB5368F6 /* Pods-MGADENSDK_Tests.release.xcconfig */;
			buildSettings = {
				BUNDLE_LOADER = "$(TEST_HOST)";
				FRAMEWORK_SEARCH_PATHS = (
					"$(PLATFORM_DIR)/Developer/Library/Frameworks",
					"$(inherited)",
					"$(DEVELOPER_FRAMEWORKS_DIR)",
				);
				GCC_PRECOMPILE_PREFIX_HEADER = YES;
				GCC_PREFIX_HEADER = "Tests/Tests-Prefix.pch";
				INFOPLIST_FILE = "Tests/Tests-Info.plist";
				PRODUCT_BUNDLE_IDENTIFIER = "org.cocoapods.demo.${PRODUCT_NAME:rfc1034identifier}";
				PRODUCT_NAME = "$(TARGET_NAME)";
				SWIFT_VERSION = 4.0;
				TEST_HOST = "$(BUILT_PRODUCTS_DIR)/MGADENSDK_Example.app/MGADENSDK_Example";
				WRAPPER_EXTENSION = xctest;
			};
			name = Release;
		};
		E41807082402697200338C5A /* Debug */ = {
			isa = XCBuildConfiguration;
			baseConfigurationReference = E86C77BE6B951E6BB3D21BD1 /* Pods-MGADENSDK.debug.xcconfig */;
			buildSettings = {
				CLANG_ANALYZER_NONNULL = YES;
				CLANG_ANALYZER_NUMBER_OBJECT_CONVERSION = YES_AGGRESSIVE;
				CLANG_CXX_LANGUAGE_STANDARD = "gnu++14";
				CLANG_ENABLE_OBJC_WEAK = YES;
				CLANG_WARN_BLOCK_CAPTURE_AUTORELEASING = YES;
				CLANG_WARN_COMMA = YES;
				CLANG_WARN_DEPRECATED_OBJC_IMPLEMENTATIONS = YES;
				CLANG_WARN_DOCUMENTATION_COMMENTS = YES;
				CLANG_WARN_INFINITE_RECURSION = YES;
				CLANG_WARN_NON_LITERAL_NULL_CONVERSION = YES;
				CLANG_WARN_OBJC_IMPLICIT_RETAIN_SELF = YES;
				CLANG_WARN_OBJC_LITERAL_CONVERSION = YES;
				CLANG_WARN_RANGE_LOOP_ANALYSIS = YES;
				CLANG_WARN_STRICT_PROTOTYPES = YES;
				CLANG_WARN_SUSPICIOUS_MOVE = YES;
				CLANG_WARN_UNGUARDED_AVAILABILITY = YES_AGGRESSIVE;
				CLANG_WARN_UNREACHABLE_CODE = YES;
				CODE_SIGN_STYLE = Automatic;
				CURRENT_PROJECT_VERSION = 1;
				DEBUG_INFORMATION_FORMAT = dwarf;
				DEFINES_MODULE = YES;
				DEVELOPMENT_TEAM = 2LFJGTZC39;
				DYLIB_COMPATIBILITY_VERSION = 1;
				DYLIB_CURRENT_VERSION = 1;
				DYLIB_INSTALL_NAME_BASE = "@rpath";
				ENABLE_STRICT_OBJC_MSGSEND = YES;
				GCC_C_LANGUAGE_STANDARD = gnu11;
				GCC_NO_COMMON_BLOCKS = YES;
				INFOPLIST_FILE = MGADENSDK/Info.plist;
				INSTALL_PATH = "$(LOCAL_LIBRARY_DIR)/Frameworks";
				IPHONEOS_DEPLOYMENT_TARGET = 13.2;
				LD_RUNPATH_SEARCH_PATHS = "$(inherited) @executable_path/Frameworks @loader_path/Frameworks";
				MACH_O_TYPE = staticlib;
				MTL_ENABLE_DEBUG_INFO = INCLUDE_SOURCE;
				MTL_FAST_MATH = YES;
				OTHER_LDFLAGS = "$(inherited)";
				PRODUCT_BUNDLE_IDENTIFIER = com.sina.game.MGADENSDK;
				PRODUCT_NAME = "$(TARGET_NAME:c99extidentifier)";
				SKIP_INSTALL = YES;
				TARGETED_DEVICE_FAMILY = "1,2";
				VERSIONING_SYSTEM = "apple-generic";
				VERSION_INFO_PREFIX = "";
			};
			name = Debug;
		};
		E41807092402697200338C5A /* Release */ = {
			isa = XCBuildConfiguration;
			baseConfigurationReference = F16CBF90AA957953D0C49E09 /* Pods-MGADENSDK.release.xcconfig */;
			buildSettings = {
				CLANG_ANALYZER_NONNULL = YES;
				CLANG_ANALYZER_NUMBER_OBJECT_CONVERSION = YES_AGGRESSIVE;
				CLANG_CXX_LANGUAGE_STANDARD = "gnu++14";
				CLANG_ENABLE_OBJC_WEAK = YES;
				CLANG_WARN_BLOCK_CAPTURE_AUTORELEASING = YES;
				CLANG_WARN_COMMA = YES;
				CLANG_WARN_DEPRECATED_OBJC_IMPLEMENTATIONS = YES;
				CLANG_WARN_DOCUMENTATION_COMMENTS = YES;
				CLANG_WARN_INFINITE_RECURSION = YES;
				CLANG_WARN_NON_LITERAL_NULL_CONVERSION = YES;
				CLANG_WARN_OBJC_IMPLICIT_RETAIN_SELF = YES;
				CLANG_WARN_OBJC_LITERAL_CONVERSION = YES;
				CLANG_WARN_RANGE_LOOP_ANALYSIS = YES;
				CLANG_WARN_STRICT_PROTOTYPES = YES;
				CLANG_WARN_SUSPICIOUS_MOVE = YES;
				CLANG_WARN_UNGUARDED_AVAILABILITY = YES_AGGRESSIVE;
				CLANG_WARN_UNREACHABLE_CODE = YES;
				CODE_SIGN_STYLE = Automatic;
				COPY_PHASE_STRIP = NO;
				CURRENT_PROJECT_VERSION = 1;
				DEBUG_INFORMATION_FORMAT = "dwarf-with-dsym";
				DEFINES_MODULE = YES;
				DEVELOPMENT_TEAM = 2LFJGTZC39;
				DYLIB_COMPATIBILITY_VERSION = 1;
				DYLIB_CURRENT_VERSION = 1;
				DYLIB_INSTALL_NAME_BASE = "@rpath";
				ENABLE_STRICT_OBJC_MSGSEND = YES;
				GCC_C_LANGUAGE_STANDARD = gnu11;
				GCC_NO_COMMON_BLOCKS = YES;
				INFOPLIST_FILE = MGADENSDK/Info.plist;
				INSTALL_PATH = "$(LOCAL_LIBRARY_DIR)/Frameworks";
				IPHONEOS_DEPLOYMENT_TARGET = 13.2;
				LD_RUNPATH_SEARCH_PATHS = "$(inherited) @executable_path/Frameworks @loader_path/Frameworks";
				MACH_O_TYPE = staticlib;
				MTL_ENABLE_DEBUG_INFO = NO;
				MTL_FAST_MATH = YES;
				OTHER_LDFLAGS = "$(inherited)";
				PRODUCT_BUNDLE_IDENTIFIER = com.sina.game.MGADENSDK;
				PRODUCT_NAME = "$(TARGET_NAME:c99extidentifier)";
				SKIP_INSTALL = YES;
				TARGETED_DEVICE_FAMILY = "1,2";
				VERSIONING_SYSTEM = "apple-generic";
				VERSION_INFO_PREFIX = "";
			};
			name = Release;
		};
		E418075C24026CE200338C5A /* Debug */ = {
			isa = XCBuildConfiguration;
			buildSettings = {
				CODE_SIGN_STYLE = Automatic;
				DEVELOPMENT_TEAM = 2LFJGTZC39;
				PRODUCT_NAME = "$(TARGET_NAME)";
			};
			name = Debug;
		};
		E418075D24026CE200338C5A /* Release */ = {
			isa = XCBuildConfiguration;
			buildSettings = {
				CODE_SIGN_STYLE = Automatic;
				DEVELOPMENT_TEAM = 2LFJGTZC39;
				PRODUCT_NAME = "$(TARGET_NAME)";
			};
			name = Release;
		};
/* End XCBuildConfiguration section */

/* Begin XCConfigurationList section */
		6003F585195388D10070C39A /* Build configuration list for PBXProject "MGADENSDK" */ = {
			isa = XCConfigurationList;
			buildConfigurations = (
				6003F5BD195388D20070C39A /* Debug */,
				6003F5BE195388D20070C39A /* Release */,
			);
			defaultConfigurationIsVisible = 0;
			defaultConfigurationName = Release;
		};
		6003F5BF195388D20070C39A /* Build configuration list for PBXNativeTarget "MGADENSDK_Example" */ = {
			isa = XCConfigurationList;
			buildConfigurations = (
				6003F5C0195388D20070C39A /* Debug */,
				6003F5C1195388D20070C39A /* Release */,
			);
			defaultConfigurationIsVisible = 0;
			defaultConfigurationName = Release;
		};
		6003F5C2195388D20070C39A /* Build configuration list for PBXNativeTarget "MGADENSDK_Tests" */ = {
			isa = XCConfigurationList;
			buildConfigurations = (
				6003F5C3195388D20070C39A /* Debug */,
				6003F5C4195388D20070C39A /* Release */,
			);
			defaultConfigurationIsVisible = 0;
			defaultConfigurationName = Release;
		};
		E418070A2402697200338C5A /* Build configuration list for PBXNativeTarget "MGADENSDK" */ = {
			isa = XCConfigurationList;
			buildConfigurations = (
				E41807082402697200338C5A /* Debug */,
				E41807092402697200338C5A /* Release */,
			);
			defaultConfigurationIsVisible = 0;
			defaultConfigurationName = Release;
		};
		E418075B24026CE200338C5A /* Build configuration list for PBXAggregateTarget "MGMerge" */ = {
			isa = XCConfigurationList;
			buildConfigurations = (
				E418075C24026CE200338C5A /* Debug */,
				E418075D24026CE200338C5A /* Release */,
			);
			defaultConfigurationIsVisible = 0;
			defaultConfigurationName = Release;
		};
/* End XCConfigurationList section */
	};
	rootObject = 6003F582195388D10070C39A /* Project object */;
}
